Microsoft Visual Studio Solution File, Format Version 12.00
# Visual Studio Version 17
VisualStudioVersion = 17.13.35919.96
MinimumVisualStudioVersion = 10.0.40219.1
Project("{FAE04EC0-301F-11D3-BF4B-00C04F79EFBC}") = "VatanClonePatika.API", "VatanClonePatika.API\VatanClonePatika.API.csproj", "{FEF662AA-DBE6-43F1-810E-F767249C48B3}"
EndProject
Project("{FAE04EC0-301F-11D3-BF4B-00C04F79EFBC}") = "Repositories", "Repositories\Repositories.csproj", "{E9984145-5F08-4824-A909-BF8EF1E93AE4}"
EndProject
Project("{FAE04EC0-301F-11D3-BF4B-00C04F79EFBC}") = "Services", "Services\Services.csproj", "{279D3AF2-24B3-4536-BE3C-4EF0ABDB3B34}"
EndProject
Global
	GlobalSection(SolutionConfigurationPlatforms) = preSolution
		Debug|Any CPU = Debug|Any CPU
		Release|Any CPU = Release|Any CPU
	EndGlobalSection
	GlobalSection(ProjectConfigurationPlatforms) = postSolution
		{FEF662AA-DBE6-43F1-810E-F767249C48B3}.Debug|Any CPU.ActiveCfg = Debug|Any CPU
		{FEF662AA-DBE6-43F1-810E-F767249C48B3}.Debug|Any CPU.Build.0 = Debug|Any CPU
		{FEF662AA-DBE6-43F1-810E-F767249C48B3}.Release|Any CPU.ActiveCfg = Release|Any CPU
		{FEF662AA-DBE6-43F1-810E-F767249C48B3}.Release|Any CPU.Build.0 = Release|Any CPU
		{E9984145-5F08-4824-A909-BF8EF1E93AE4}.Debug|Any CPU.ActiveCfg = Debug|Any CPU
		{E9984145-5F08-4824-A909-BF8EF1E93AE4}.Debug|Any CPU.Build.0 = Debug|Any CPU
		{E9984145-5F08-4824-A909-BF8EF1E93AE4}.Release|Any CPU.ActiveCfg = Release|Any CPU
		{E9984145-5F08-4824-A909-BF8EF1E93AE4}.Release|Any CPU.Build.0 = Release|Any CPU
		{279D3AF2-24B3-4536-BE3C-4EF0ABDB3B34}.Debug|Any CPU.ActiveCfg = Debug|Any CPU
		{279D3AF2-24B3-4536-BE3C-4EF0ABDB3B34}.Debug|Any CPU.Build.0 = Debug|Any CPU
		{279D3AF2-24B3-4536-BE3C-4EF0ABDB3B34}.Release|Any CPU.ActiveCfg = Release|Any CPU
		{279D3AF2-24B3-4536-BE3C-4EF0ABDB3B34}.Release|Any CPU.Build.0 = Release|Any CPU
	EndGlobalSection
	GlobalSection(SolutionProperties) = preSolution
		HideSolutionNode = FALSE
	EndGlobalSection
	GlobalSection(ExtensibilityGlobals) = postSolution
		SolutionGuid = {8E97D24E-3BDC-476D-9F74-ECCD31ACB96F}
	EndGlobalSection
EndGlobal
